
Microsoft Visual Studio Solution File, Format Version 12.00
# Visual Studio Version 16
VisualStudioVersion = 16.0.31005.135
MinimumVisualStudioVersion = 10.0.40219.1
Project("{2150E333-8FDC-42A3-9474-1A3956D46DE8}") = "1 - UI", "1 - UI", "{C91D45E0-033E-45F5-AE4F-82E4E1E2CBE8}"
EndProject
Project("{2150E333-8FDC-42A3-9474-1A3956D46DE8}") = "2 - Application", "2 - Application", "{BE4207F7-5E3C-4A12-98B4-8C95ED30D58F}"
EndProject
Project("{2150E333-8FDC-42A3-9474-1A3956D46DE8}") = "3 - Domain", "3 - Domain", "{0B73D18E-4591-4FA1-A3A6-E94B535B4E4C}"
EndProject
Project("{2150E333-8FDC-42A3-9474-1A3956D46DE8}") = "4 - Infrastructure", "4 - Infrastructure", "{0C5D05E1-A76F-4B51-9C24-089535F6093E}"
EndProject
Project("{2150E333-8FDC-42A3-9474-1A3956D46DE8}") = "4.1 - Data", "4.1 - Data", "{14391948-4FA2-4355-B78E-2AFA49F4ABE3}"
EndProject
Project("{2150E333-8FDC-42A3-9474-1A3956D46DE8}") = "4.2 - IoC", "4.2 - IoC", "{9B8FD739-2C38-417C-971F-738C217C885C}"
EndProject
Project("{9A19103F-16F7-4668-BE54-9A1E7A4F7556}") = "Sim.Domain.SDE", "src\Sim.Domain.SDE\Sim.Domain.SDE.csproj", "{68896073-5903-4747-9B43-12EEEAE2796D}"
EndProject
Project("{9A19103F-16F7-4668-BE54-9A1E7A4F7556}") = "Sim.Infrastructure.Data", "src\Sim.Infrastructure.Data\Sim.Infrastructure.Data.csproj", "{BC321CE9-92C8-49B6-8A4E-013113FDEE6F}"
EndProject
Project("{9A19103F-16F7-4668-BE54-9A1E7A4F7556}") = "Sim.Application.SDE", "src\Sim.Application.SDE\Sim.Application.SDE.csproj", "{0F960ED1-25A4-43C9-847F-7988BEAB6F40}"
EndProject
Project("{9A19103F-16F7-4668-BE54-9A1E7A4F7556}") = "Sim.UI.Web.SDE", "src\Sim.UI.Web.SDE\Sim.UI.Web.SDE.csproj", "{62DBECDE-B9CB-4BF5-9555-0C7F27E89DAC}"
EndProject
Project("{9A19103F-16F7-4668-BE54-9A1E7A4F7556}") = "Sim.Infrastructure.IoC", "src\Sim.Infrastructure.Ioc\Sim.Infrastructure.IoC.csproj", "{27547F65-E7A6-4CB3-B64A-907A89ECC31E}"
EndProject
Project("{2150E333-8FDC-42A3-9474-1A3956D46DE8}") = "4.3 - Identity", "4.3 - Identity", "{E4FAAE10-657C-49E6-B9AB-8E84B7E7E2CD}"
EndProject
Project("{9A19103F-16F7-4668-BE54-9A1E7A4F7556}") = "Sim.Infrastructure.Identity", "src\Sim.Infrastructure.Identity\Sim.Infrastructure.Identity.csproj", "{D283129F-0A39-4CDF-91D6-0CED8958B8BA}"
EndProject
Global
	GlobalSection(SolutionConfigurationPlatforms) = preSolution
		Debug|Any CPU = Debug|Any CPU
		Release|Any CPU = Release|Any CPU
	EndGlobalSection
	GlobalSection(ProjectConfigurationPlatforms) = postSolution
		{68896073-5903-4747-9B43-12EEEAE2796D}.Debug|Any CPU.ActiveCfg = Debug|Any CPU
		{68896073-5903-4747-9B43-12EEEAE2796D}.Debug|Any CPU.Build.0 = Debug|Any CPU
		{68896073-5903-4747-9B43-12EEEAE2796D}.Release|Any CPU.ActiveCfg = Release|Any CPU
		{68896073-5903-4747-9B43-12EEEAE2796D}.Release|Any CPU.Build.0 = Release|Any CPU
		{BC321CE9-92C8-49B6-8A4E-013113FDEE6F}.Debug|Any CPU.ActiveCfg = Debug|Any CPU
		{BC321CE9-92C8-49B6-8A4E-013113FDEE6F}.Debug|Any CPU.Build.0 = Debug|Any CPU
		{BC321CE9-92C8-49B6-8A4E-013113FDEE6F}.Release|Any CPU.ActiveCfg = Release|Any CPU
		{BC321CE9-92C8-49B6-8A4E-013113FDEE6F}.Release|Any CPU.Build.0 = Release|Any CPU
		{0F960ED1-25A4-43C9-847F-7988BEAB6F40}.Debug|Any CPU.ActiveCfg = Debug|Any CPU
		{0F960ED1-25A4-43C9-847F-7988BEAB6F40}.Debug|Any CPU.Build.0 = Debug|Any CPU
		{0F960ED1-25A4-43C9-847F-7988BEAB6F40}.Release|Any CPU.ActiveCfg = Release|Any CPU
		{0F960ED1-25A4-43C9-847F-7988BEAB6F40}.Release|Any CPU.Build.0 = Release|Any CPU
		{62DBECDE-B9CB-4BF5-9555-0C7F27E89DAC}.Debug|Any CPU.ActiveCfg = Debug|Any CPU
		{62DBECDE-B9CB-4BF5-9555-0C7F27E89DAC}.Debug|Any CPU.Build.0 = Debug|Any CPU
		{62DBECDE-B9CB-4BF5-9555-0C7F27E89DAC}.Release|Any CPU.ActiveCfg = Release|Any CPU
		{62DBECDE-B9CB-4BF5-9555-0C7F27E89DAC}.Release|Any CPU.Build.0 = Release|Any CPU
		{27547F65-E7A6-4CB3-B64A-907A89ECC31E}.Debug|Any CPU.ActiveCfg = Debug|Any CPU
		{27547F65-E7A6-4CB3-B64A-907A89ECC31E}.Debug|Any CPU.Build.0 = Debug|Any CPU
		{27547F65-E7A6-4CB3-B64A-907A89ECC31E}.Release|Any CPU.ActiveCfg = Release|Any CPU
		{27547F65-E7A6-4CB3-B64A-907A89ECC31E}.Release|Any CPU.Build.0 = Release|Any CPU
		{D283129F-0A39-4CDF-91D6-0CED8958B8BA}.Debug|Any CPU.ActiveCfg = Debug|Any CPU
		{D283129F-0A39-4CDF-91D6-0CED8958B8BA}.Debug|Any CPU.Build.0 = Debug|Any CPU
		{D283129F-0A39-4CDF-91D6-0CED8958B8BA}.Release|Any CPU.ActiveCfg = Release|Any CPU
		{D283129F-0A39-4CDF-91D6-0CED8958B8BA}.Release|Any CPU.Build.0 = Release|Any CPU
	EndGlobalSection
	GlobalSection(SolutionProperties) = preSolution
		HideSolutionNode = FALSE
	EndGlobalSection
	GlobalSection(NestedProjects) = preSolution
		{14391948-4FA2-4355-B78E-2AFA49F4ABE3} = {0C5D05E1-A76F-4B51-9C24-089535F6093E}
		{9B8FD739-2C38-417C-971F-738C217C885C} = {0C5D05E1-A76F-4B51-9C24-089535F6093E}
		{68896073-5903-4747-9B43-12EEEAE2796D} = {0B73D18E-4591-4FA1-A3A6-E94B535B4E4C}
		{BC321CE9-92C8-49B6-8A4E-013113FDEE6F} = {14391948-4FA2-4355-B78E-2AFA49F4ABE3}
		{0F960ED1-25A4-43C9-847F-7988BEAB6F40} = {BE4207F7-5E3C-4A12-98B4-8C95ED30D58F}
		{62DBECDE-B9CB-4BF5-9555-0C7F27E89DAC} = {C91D45E0-033E-45F5-AE4F-82E4E1E2CBE8}
		{27547F65-E7A6-4CB3-B64A-907A89ECC31E} = {9B8FD739-2C38-417C-971F-738C217C885C}
		{E4FAAE10-657C-49E6-B9AB-8E84B7E7E2CD} = {0C5D05E1-A76F-4B51-9C24-089535F6093E}
		{D283129F-0A39-4CDF-91D6-0CED8958B8BA} = {E4FAAE10-657C-49E6-B9AB-8E84B7E7E2CD}
	EndGlobalSection
	GlobalSection(ExtensibilityGlobals) = postSolution
		SolutionGuid = {932319D3-654B-4044-BD5F-77928B1D60B7}
	EndGlobalSection
EndGlobal
