
Microsoft Visual Studio Solution File, Format Version 12.00
# Visual Studio Version 16
VisualStudioVersion = 16.0.31005.135
MinimumVisualStudioVersion = 10.0.40219.1
Project("{2150E333-8FDC-42A3-9474-1A3956D46DE8}") = "0 - Presentation", "0 - Presentation", "{C91D45E0-033E-45F5-AE4F-82E4E1E2CBE8}"
EndProject
Project("{2150E333-8FDC-42A3-9474-1A3956D46DE8}") = "1 - Services", "1 - Services", "{53FFA149-ACAF-407E-BBD8-AF75702593CC}"
EndProject
Project("{2150E333-8FDC-42A3-9474-1A3956D46DE8}") = "2 - Application", "2 - Application", "{BE4207F7-5E3C-4A12-98B4-8C95ED30D58F}"
EndProject
Project("{2150E333-8FDC-42A3-9474-1A3956D46DE8}") = "3 - Domain", "3 - Domain", "{0B73D18E-4591-4FA1-A3A6-E94B535B4E4C}"
EndProject
Project("{2150E333-8FDC-42A3-9474-1A3956D46DE8}") = "4 - Infra", "4 - Infra", "{0C5D05E1-A76F-4B51-9C24-089535F6093E}"
EndProject
Project("{2150E333-8FDC-42A3-9474-1A3956D46DE8}") = "4.1 - Data", "4.1 - Data", "{14391948-4FA2-4355-B78E-2AFA49F4ABE3}"
EndProject
Project("{2150E333-8FDC-42A3-9474-1A3956D46DE8}") = "4.2 - IoC", "4.2 - IoC", "{9B8FD739-2C38-417C-971F-738C217C885C}"
EndProject
Project("{2150E333-8FDC-42A3-9474-1A3956D46DE8}") = "4.3 - Identity", "4.3 - Identity", "{25BFE3F3-3A16-45A2-8328-3C0C3C653AE3}"
EndProject
Project("{9A19103F-16F7-4668-BE54-9A1E7A4F7556}") = "Sim.Web.SecDE", "Sim.Web.SecDE\Sim.Web.SecDE.csproj", "{FFFBC69E-BC7B-4AE6-912A-0A803A46CEC4}"
EndProject
Project("{9A19103F-16F7-4668-BE54-9A1E7A4F7556}") = "Sim.Domain.SecDE", "Sim.Domain.SecDE\Sim.Domain.SecDE.csproj", "{68896073-5903-4747-9B43-12EEEAE2796D}"
EndProject
Project("{9A19103F-16F7-4668-BE54-9A1E7A4F7556}") = "Sim.Infra.Data", "Sim.Infra.Data\Sim.Infra.Data.csproj", "{BC321CE9-92C8-49B6-8A4E-013113FDEE6F}"
EndProject
Project("{9A19103F-16F7-4668-BE54-9A1E7A4F7556}") = "Sim.Application.SecDE", "Sim.Application.SecDE\Sim.Application.SecDE.csproj", "{0F960ED1-25A4-43C9-847F-7988BEAB6F40}"
EndProject
Project("{FAE04EC0-301F-11D3-BF4B-00C04F79EFBC}") = "Sim.Services.SecDE", "Sim.Services.SecDE\Sim.Services.SecDE.csproj", "{642B69F1-B998-44DC-AC73-1F991846A09B}"
EndProject
Global
	GlobalSection(SolutionConfigurationPlatforms) = preSolution
		Debug|Any CPU = Debug|Any CPU
		Release|Any CPU = Release|Any CPU
	EndGlobalSection
	GlobalSection(ProjectConfigurationPlatforms) = postSolution
		{FFFBC69E-BC7B-4AE6-912A-0A803A46CEC4}.Debug|Any CPU.ActiveCfg = Debug|Any CPU
		{FFFBC69E-BC7B-4AE6-912A-0A803A46CEC4}.Debug|Any CPU.Build.0 = Debug|Any CPU
		{FFFBC69E-BC7B-4AE6-912A-0A803A46CEC4}.Release|Any CPU.ActiveCfg = Release|Any CPU
		{FFFBC69E-BC7B-4AE6-912A-0A803A46CEC4}.Release|Any CPU.Build.0 = Release|Any CPU
		{68896073-5903-4747-9B43-12EEEAE2796D}.Debug|Any CPU.ActiveCfg = Debug|Any CPU
		{68896073-5903-4747-9B43-12EEEAE2796D}.Debug|Any CPU.Build.0 = Debug|Any CPU
		{68896073-5903-4747-9B43-12EEEAE2796D}.Release|Any CPU.ActiveCfg = Release|Any CPU
		{68896073-5903-4747-9B43-12EEEAE2796D}.Release|Any CPU.Build.0 = Release|Any CPU
		{BC321CE9-92C8-49B6-8A4E-013113FDEE6F}.Debug|Any CPU.ActiveCfg = Debug|Any CPU
		{BC321CE9-92C8-49B6-8A4E-013113FDEE6F}.Debug|Any CPU.Build.0 = Debug|Any CPU
		{BC321CE9-92C8-49B6-8A4E-013113FDEE6F}.Release|Any CPU.ActiveCfg = Release|Any CPU
		{BC321CE9-92C8-49B6-8A4E-013113FDEE6F}.Release|Any CPU.Build.0 = Release|Any CPU
		{0F960ED1-25A4-43C9-847F-7988BEAB6F40}.Debug|Any CPU.ActiveCfg = Debug|Any CPU
		{0F960ED1-25A4-43C9-847F-7988BEAB6F40}.Debug|Any CPU.Build.0 = Debug|Any CPU
		{0F960ED1-25A4-43C9-847F-7988BEAB6F40}.Release|Any CPU.ActiveCfg = Release|Any CPU
		{0F960ED1-25A4-43C9-847F-7988BEAB6F40}.Release|Any CPU.Build.0 = Release|Any CPU
		{642B69F1-B998-44DC-AC73-1F991846A09B}.Debug|Any CPU.ActiveCfg = Debug|Any CPU
		{642B69F1-B998-44DC-AC73-1F991846A09B}.Debug|Any CPU.Build.0 = Debug|Any CPU
		{642B69F1-B998-44DC-AC73-1F991846A09B}.Release|Any CPU.ActiveCfg = Release|Any CPU
		{642B69F1-B998-44DC-AC73-1F991846A09B}.Release|Any CPU.Build.0 = Release|Any CPU
	EndGlobalSection
	GlobalSection(SolutionProperties) = preSolution
		HideSolutionNode = FALSE
	EndGlobalSection
	GlobalSection(NestedProjects) = preSolution
		{14391948-4FA2-4355-B78E-2AFA49F4ABE3} = {0C5D05E1-A76F-4B51-9C24-089535F6093E}
		{9B8FD739-2C38-417C-971F-738C217C885C} = {0C5D05E1-A76F-4B51-9C24-089535F6093E}
		{25BFE3F3-3A16-45A2-8328-3C0C3C653AE3} = {0C5D05E1-A76F-4B51-9C24-089535F6093E}
		{FFFBC69E-BC7B-4AE6-912A-0A803A46CEC4} = {C91D45E0-033E-45F5-AE4F-82E4E1E2CBE8}
		{68896073-5903-4747-9B43-12EEEAE2796D} = {0B73D18E-4591-4FA1-A3A6-E94B535B4E4C}
		{BC321CE9-92C8-49B6-8A4E-013113FDEE6F} = {14391948-4FA2-4355-B78E-2AFA49F4ABE3}
		{0F960ED1-25A4-43C9-847F-7988BEAB6F40} = {BE4207F7-5E3C-4A12-98B4-8C95ED30D58F}
		{642B69F1-B998-44DC-AC73-1F991846A09B} = {53FFA149-ACAF-407E-BBD8-AF75702593CC}
	EndGlobalSection
	GlobalSection(ExtensibilityGlobals) = postSolution
		SolutionGuid = {932319D3-654B-4044-BD5F-77928B1D60B7}
	EndGlobalSection
EndGlobal
